
Microsoft Visual Studio Solution File, Format Version 12.00
# Visual Studio Version 17
VisualStudioVersion = 17.9.34723.18
MinimumVisualStudioVersion = 10.0.40219.1
Project("{FAE04EC0-301F-11D3-BF4B-00C04F79EFBC}") = "Calc", "Calc\Calc.csproj", "{8C05FF78-FA76-4EB6-8552-FB2D564C1130}"
EndProject
Global
	GlobalSection(SolutionConfigurationPlatforms) = preSolution
		Debug|Any CPU = Debug|Any CPU
		Release|Any CPU = Release|Any CPU
	EndGlobalSection
	GlobalSection(ProjectConfigurationPlatforms) = postSolution
		{8C05FF78-FA76-4EB6-8552-FB2D564C1130}.Debug|Any CPU.ActiveCfg = Debug|Any CPU
		{8C05FF78-FA76-4EB6-8552-FB2D564C1130}.Debug|Any CPU.Build.0 = Debug|Any CPU
		{8C05FF78-FA76-4EB6-8552-FB2D564C1130}.Debug|Any CPU.Deploy.0 = Debug|Any CPU
		{8C05FF78-FA76-4EB6-8552-FB2D564C1130}.Release|Any CPU.ActiveCfg = Release|Any CPU
		{8C05FF78-FA76-4EB6-8552-FB2D564C1130}.Release|Any CPU.Build.0 = Release|Any CPU
		{8C05FF78-FA76-4EB6-8552-FB2D564C1130}.Release|Any CPU.Deploy.0 = Release|Any CPU
	EndGlobalSection
	GlobalSection(SolutionProperties) = preSolution
		HideSolutionNode = FALSE
	EndGlobalSection
	GlobalSection(ExtensibilityGlobals) = postSolution
		SolutionGuid = {B72B5E70-8B7E-407A-B044-AF58FD03E014}
	EndGlobalSection
EndGlobal
